
Microsoft Visual Studio Solution File, Format Version 12.00
# Visual Studio Version 16
VisualStudioVersion = 16.0.31025.194
MinimumVisualStudioVersion = 10.0.40219.1
Project("{9A19103F-16F7-4668-BE54-9A1E7A4F7556}") = "CloudProviderLibrary", "CloudProviderLibrary\CloudProviderLibrary.csproj", "{C296CBAB-99D3-47CD-8E24-9EF90C478008}"
EndProject
Project("{9A19103F-16F7-4668-BE54-9A1E7A4F7556}") = "CloudProvider.Api", "CloudProvider.Api\CloudProvider.Api.csproj", "{51EBBC0B-6E4A-4FFE-9EF5-944BCC830795}"
EndProject
Global
	GlobalSection(SolutionConfigurationPlatforms) = preSolution
		Debug|Any CPU = Debug|Any CPU
		Release|Any CPU = Release|Any CPU
	EndGlobalSection
	GlobalSection(ProjectConfigurationPlatforms) = postSolution
		{C296CBAB-99D3-47CD-8E24-9EF90C478008}.Debug|Any CPU.ActiveCfg = Debug|Any CPU
		{C296CBAB-99D3-47CD-8E24-9EF90C478008}.Debug|Any CPU.Build.0 = Debug|Any CPU
		{C296CBAB-99D3-47CD-8E24-9EF90C478008}.Release|Any CPU.ActiveCfg = Release|Any CPU
		{C296CBAB-99D3-47CD-8E24-9EF90C478008}.Release|Any CPU.Build.0 = Release|Any CPU
		{51EBBC0B-6E4A-4FFE-9EF5-944BCC830795}.Debug|Any CPU.ActiveCfg = Debug|Any CPU
		{51EBBC0B-6E4A-4FFE-9EF5-944BCC830795}.Debug|Any CPU.Build.0 = Debug|Any CPU
		{51EBBC0B-6E4A-4FFE-9EF5-944BCC830795}.Release|Any CPU.ActiveCfg = Release|Any CPU
		{51EBBC0B-6E4A-4FFE-9EF5-944BCC830795}.Release|Any CPU.Build.0 = Release|Any CPU
	EndGlobalSection
	GlobalSection(SolutionProperties) = preSolution
		HideSolutionNode = FALSE
	EndGlobalSection
	GlobalSection(ExtensibilityGlobals) = postSolution
		SolutionGuid = {ACB01299-04FE-4B0D-9DC1-2AA7026BC52E}
	EndGlobalSection
EndGlobal
